
Microsoft Visual Studio Solution File, Format Version 12.00
# Visual Studio Version 17
VisualStudioVersion = 17.7.33920.267
MinimumVisualStudioVersion = 10.0.40219.1
Project("{9A19103F-16F7-4668-BE54-9A1E7A4F7556}") = "Microsoft.Dynamics365.OrganizationScanner", "Microsoft.Dynamics365.OrganizationScanner\Microsoft.Dynamics365.OrganizationScanner.csproj", "{8A15A10C-501C-4D80-90F3-5BBA37886048}"
EndProject
Project("{FAE04EC0-301F-11D3-BF4B-00C04F79EFBC}") = "OrganizationScannerUnitTests", "OrganizationScannerUnitTests\OrganizationScannerUnitTests.csproj", "{3B992FD1-592A-4398-958B-0B31273ABFE4}"
EndProject
Global
	GlobalSection(SolutionConfigurationPlatforms) = preSolution
		Debug|Any CPU = Debug|Any CPU
		Release|Any CPU = Release|Any CPU
	EndGlobalSection
	GlobalSection(ProjectConfigurationPlatforms) = postSolution
		{8A15A10C-501C-4D80-90F3-5BBA37886048}.Debug|Any CPU.ActiveCfg = Debug|Any CPU
		{8A15A10C-501C-4D80-90F3-5BBA37886048}.Debug|Any CPU.Build.0 = Debug|Any CPU
		{8A15A10C-501C-4D80-90F3-5BBA37886048}.Release|Any CPU.ActiveCfg = Release|Any CPU
		{8A15A10C-501C-4D80-90F3-5BBA37886048}.Release|Any CPU.Build.0 = Release|Any CPU
		{3B992FD1-592A-4398-958B-0B31273ABFE4}.Debug|Any CPU.ActiveCfg = Debug|Any CPU
		{3B992FD1-592A-4398-958B-0B31273ABFE4}.Debug|Any CPU.Build.0 = Debug|Any CPU
		{3B992FD1-592A-4398-958B-0B31273ABFE4}.Release|Any CPU.ActiveCfg = Release|Any CPU
		{3B992FD1-592A-4398-958B-0B31273ABFE4}.Release|Any CPU.Build.0 = Release|Any CPU
	EndGlobalSection
	GlobalSection(SolutionProperties) = preSolution
		HideSolutionNode = FALSE
	EndGlobalSection
	GlobalSection(ExtensibilityGlobals) = postSolution
		SolutionGuid = {D83E03B2-936C-46FE-87BE-82CC86A11FDA}
	EndGlobalSection
EndGlobal
